
Microsoft Visual Studio Solution File, Format Version 12.00
# Visual Studio Version 17
VisualStudioVersion = 17.3.32929.385
MinimumVisualStudioVersion = 10.0.40219.1
Project("{FAE04EC0-301F-11D3-BF4B-00C04F79EFBC}") = "Computer Vision 2", "Computer Vision 2.csproj", "{1BA21427-EA0F-4A3C-968F-044B47ED65DB}"
EndProject
Global
	GlobalSection(SolutionConfigurationPlatforms) = preSolution
		Debug|Any CPU = Debug|Any CPU
		Release|Any CPU = Release|Any CPU
	EndGlobalSection
	GlobalSection(ProjectConfigurationPlatforms) = postSolution
		{1BA21427-EA0F-4A3C-968F-044B47ED65DB}.Debug|Any CPU.ActiveCfg = Debug|Any CPU
		{1BA21427-EA0F-4A3C-968F-044B47ED65DB}.Debug|Any CPU.Build.0 = Debug|Any CPU
		{1BA21427-EA0F-4A3C-968F-044B47ED65DB}.Release|Any CPU.ActiveCfg = Release|Any CPU
		{1BA21427-EA0F-4A3C-968F-044B47ED65DB}.Release|Any CPU.Build.0 = Release|Any CPU
	EndGlobalSection
	GlobalSection(SolutionProperties) = preSolution
		HideSolutionNode = FALSE
	EndGlobalSection
	GlobalSection(ExtensibilityGlobals) = postSolution
		SolutionGuid = {5E020C95-059B-4D99-B2C3-73D30FEA4E5C}
	EndGlobalSection
EndGlobal
